// !$*UTF8*$!
{
	archiveVersion = 1;
	classes = {
	};
	objectVersion = 46;
	objects = {

/* Begin PBXBuildFile section */
		4BF4D6711FA663DC00CEAB84 /* AppDelegate.swift in Sources */ = {isa = PBXBuildFile; fileRef = 4BF4D6701FA663DC00CEAB84 /* AppDelegate.swift */; };
		4BF4D6731FA663DC00CEAB84 /* ViewController.swift in Sources */ = {isa = PBXBuildFile; fileRef = 4BF4D6721FA663DC00CEAB84 /* ViewController.swift */; };
		4BF4D6761FA663DC00CEAB84 /* Main.storyboard in Resources */ = {isa = PBXBuildFile; fileRef = 4BF4D6741FA663DC00CEAB84 /* Main.storyboard */; };
		4BF4D6781FA663DC00CEAB84 /* Assets.xcassets in Resources */ = {isa = PBXBuildFile; fileRef = 4BF4D6771FA663DC00CEAB84 /* Assets.xcassets */; };
		4BF4D67B1FA663DC00CEAB84 /* LaunchScreen.storyboard in Resources */ = {isa = PBXBuildFile; fileRef = 4BF4D6791FA663DC00CEAB84 /* LaunchScreen.storyboard */; };
/* End PBXBuildFile section */

/* Begin PBXFileReference section */
		4BF4D66D1FA663DC00CEAB84 /* MyHood.app */ = {isa = PBXFileReference; explicitFileType = wrapper.application; includeInIndex = 0; path = MyHood.app; sourceTree = BUILT_PRODUCTS_DIR; };
		4BF4D6701FA663DC00CEAB84 /* AppDelegate.swift */ = {isa = PBXFileReference; lastKnownFileType = sourcecode.swift; path = AppDelegate.swift; sourceTree = "<group>"; };
		4BF4D6721FA663DC00CEAB84 /* ViewController.swift */ = {isa = PBXFileReference; lastKnownFileType = sourcecode.swift; path = ViewController.swift; sourceTree = "<group>"; };
		4BF4D6751FA663DC00CEAB84 /* Base */ = {isa = PBXFileReference; lastKnownFileType = file.storyboard; name = Base; path = Base.lproj/Main.storyboard; sourceTree = "<group>"; };
		4BF4D6771FA663DC00CEAB84 /* Assets.xcassets */ = {isa = PBXFileReference; lastKnownFileType = folder.assetcatalog; path = Assets.xcassets; sourceTree = "<group>"; };
		4BF4D67A1FA663DC00CEAB84 /* Base */ = {isa = PBXFileReference; lastKnownFileType = file.storyboard; name = Base; path = Base.lproj/LaunchScreen.storyboard; sourceTree = "<group>"; };
		4BF4D67C1FA663DC00CEAB84 /* Info.plist */ = {isa = PBXFileReference; lastKnownFileType = text.plist.xml; path = Info.plist; sourceTree = "<group>"; };
/* End PBXFileReference section */

/* Begin PBXFrameworksBuildPhase section */
		4BF4D66A1FA663DC00CEAB84 /* Frameworks */ = {
			isa = PBXFrameworksBuildPhase;
			buildActionMask = 2147483647;
			files = (
			);
			runOnlyForDeploymentPostprocessing = 0;
		};
/* End PBXFrameworksBuildPhase section */

/* Begin PBXGroup section */
		4BF4D6641FA663DC00CEAB84 = {
			isa = PBXGroup;
			children = (
				4BF4D66F1FA663DC00CEAB84 /* MyHood */,
				4BF4D66E1FA663DC00CEAB84 /* Products */,
			);
			sourceTree = "<group>";
		};
		4BF4D66E1FA663DC00CEAB84 /* Products */ = {
			isa = PBXGroup;
			children = (
				4BF4D66D1FA663DC00CEAB84 /* MyHood.app */,
			);
			name = Products;
			sourceTree = "<group>";
		};
		4BF4D66F1FA663DC00CEAB84 /* MyHood */ = {
			isa = PBXGroup;
			children = (
				4BF4D6701FA663DC00CEAB84 /* AppDelegate.swift */,
				4BF4D6721FA663DC00CEAB84 /* ViewController.swift */,
				4BF4D6741FA663DC00CEAB84 /* Main.storyboard */,
				4BF4D6771FA663DC00CEAB84 /* Assets.xcassets */,
				4BF4D6791FA663DC00CEAB84 /* LaunchScreen.storyboard */,
				4BF4D67C1FA663DC00CEAB84 /* Info.plist */,
			);
			path = MyHood;
			sourceTree = "<group>";
		};
/* End PBXGroup section */

/* Begin PBXNativeTarget section */
		4BF4D66C1FA663DC00CEAB84 /* MyHood */ = {
			isa = PBXNativeTarget;
			buildConfigurationList = 4BF4D67F1FA663DC00CEAB84 /* Build configuration list for PBXNativeTarget "MyHood" */;
			buildPhases = (
				4BF4D6691FA663DC00CEAB84 /* Sources */,
				4BF4D66A1FA663DC00CEAB84 /* Frameworks */,
				4BF4D66B1FA663DC00CEAB84 /* Resources */,
			);
			buildRules = (
			);
			dependencies = (
			);
			name = MyHood;
			productName = MyHood;
			productReference = 4BF4D66D1FA663DC00CEAB84 /* MyHood.app */;
			productType = "com.apple.product-type.application";
		};
/* End PBXNativeTarget section */

/* Begin PBXProject section */
		4BF4D6651FA663DC00CEAB84 /* Project object */ = {
			isa = PBXProject;
			attributes = {
				LastSwiftUpdateCheck = 0830;
				LastUpgradeCheck = 0830;
				ORGANIZATIONNAME = Andi;
				TargetAttributes = {
					4BF4D66C1FA663DC00CEAB84 = {
						CreatedOnToolsVersion = 8.3.3;
						ProvisioningStyle = Automatic;
					};
				};
			};
			buildConfigurationList = 4BF4D6681FA663DC00CEAB84 /* Build configuration list for PBXProject "MyHood" */;
			compatibilityVersion = "Xcode 3.2";
			developmentRegion = English;
			hasScannedForEncodings = 0;
			knownRegions = (
				en,
				Base,
			);
			mainGroup = 4BF4D6641FA663DC00CEAB84;
			productRefGroup = 4BF4D66E1FA663DC00CEAB84 /* Products */;
			projectDirPath = "";
			projectRoot = "";
			targets = (
				4BF4D66C1FA663DC00CEAB84 /* MyHood */,
			);
		};
/* End PBXProject section */

/* Begin PBXResourcesBuildPhase section */
		4BF4D66B1FA663DC00CEAB84 /* Resources */ = {
			isa = PBXResourcesBuildPhase;
			buildActionMask = 2147483647;
			files = (
				4BF4D67B1FA663DC00CEAB84 /* LaunchScreen.storyboard in Resources */,
				4BF4D6781FA663DC00CEAB84 /* Assets.xcassets in Resources */,
				4BF4D6761FA663DC00CEAB84 /* Main.storyboard in Resources */,
			);
			runOnlyForDeploymentPostprocessing = 0;
		};
/* End PBXResourcesBuildPhase section */

/* Begin PBXSourcesBuildPhase section */
		4BF4D6691FA663DC00CEAB84 /* Sources */ = {
			isa = PBXSourcesBuildPhase;
			buildActionMask = 2147483647;
			files = (
				4BF4D6731FA663DC00CEAB84 /* ViewController.swift in Sources */,
				4BF4D6711FA663DC00CEAB84 /* AppDelegate.swift in Sources */,
			);
			runOnlyForDeploymentPostprocessing = 0;
		};
/* End PBXSourcesBuildPhase section */

/* Begin PBXVariantGroup section */
		4BF4D6741FA663DC00CEAB84 /* Main.storyboard */ = {
			isa = PBXVariantGroup;
			children = (
				4BF4D6751FA663DC00CEAB84 /* Base */,
			);
			name = Main.storyboard;
			sourceTree = "<group>";
		};
		4BF4D6791FA663DC00CEAB84 /* LaunchScreen.storyboard */ = {
			isa = PBXVariantGroup;
			children = (
				4BF4D67A1FA663DC00CEAB84 /* Base */,
			);
			name = LaunchScreen.storyboard;
			sourceTree = "<group>";
		};
/* End PBXVariantGroup section */

/* Begin XCBuildConfiguration section */
		4BF4D67D1FA663DC00CEAB84 /* Debug */ = {
			isa = XCBuildConfiguration;
			buildSettings = {
				ALWAYS_SEARCH_USER_PATHS = NO;
				CLANG_ANALYZER_NONNULL = YES;
				CLANG_ANALYZER_NUMBER_OBJECT_CONVERSION = YES_AGGRESSIVE;
				CLANG_CXX_LANGUAGE_STANDARD = "gnu++0x";
				CLANG_CXX_LIBRARY = "libc++";
				CLANG_ENABLE_MODULES = YES;
				CLANG_ENABLE_OBJC_ARC = YES;
				CLANG_WARN_BOOL_CONVERSION = YES;
				CLANG_WARN_CONSTANT_CONVERSION = YES;
				CLANG_WARN_DIRECT_OBJC_ISA_USAGE = YES_ERROR;
				CLANG_WARN_DOCUMENTATION_COMMENTS = YES;
				CLANG_WARN_EMPTY_BODY = YES;
				CLANG_WARN_ENUM_CONVERSION = YES;
				CLANG_WARN_INFINITE_RECURSION = YES;
				CLANG_WARN_INT_CONVERSION = YES;
				CLANG_WARN_OBJC_ROOT_CLASS = YES_ERROR;
				CLANG_WARN_SUSPICIOUS_MOVE = YES;
				CLANG_WARN_UNREACHABLE_CODE = YES;
				CLANG_WARN__DUPLICATE_METHOD_MATCH = YES;
				"CODE_SIGN_IDENTITY[sdk=iphoneos*]" = "iPhone Developer";
				COPY_PHASE_STRIP = NO;
				DEBUG_INFORMATION_FORMAT = dwarf;
				ENABLE_STRICT_OBJC_MSGSEND = YES;
				ENABLE_TESTABILITY = YES;
				GCC_C_LANGUAGE_STANDARD = gnu99;
				GCC_DYNAMIC_NO_PIC = NO;
				GCC_NO_COMMON_BLOCKS = YES;
				GCC_OPTIMIZATION_LEVEL = 0;
				GCC_PREPROCESSOR_DEFINITIONS = (
					"DEBUG=1",
					"$(inherited)",
				);
				GCC_WARN_64_TO_32_BIT_CONVERSION = YES;
				GCC_WARN_ABOUT_RETURN_TYPE = YES_ERROR;
				GCC_WARN_UNDECLARED_SELECTOR = YES;
				GCC_WARN_UNINITIALIZED_AUTOS = YES_AGGRESSIVE;
				GCC_WARN_UNUSED_FUNCTION = YES;
				GCC_WARN_UNUSED_VARIABLE = YES;
				IPHONEOS_DEPLOYMENT_TARGET = 10.3;
				MTL_ENABLE_DEBUG_INFO = YES;
				ONLY_ACTIVE_ARCH = YES;
				SDKROOT = iphoneos;
				SWIFT_ACTIVE_COMPILATION_CONDITIONS = DEBUG;
				SWIFT_OPTIMIZATION_LEVEL = "-Onone";
			};
			name = Debug;
		};
		4BF4D67E1FA663DC00CEAB84 /* Release */ = {
			isa = XCBuildConfiguration;
			buildSettings = {
				ALWAYS_SEARCH_USER_PATHS = NO;
				CLANG_ANALYZER_NONNULL = YES;
				CLANG_ANALYZER_NUMBER_OBJECT_CONVERSION = YES_AGGRESSIVE;
				CLANG_CXX_LANGUAGE_STANDARD = "gnu++0x";
				CLANG_CXX_LIBRARY = "libc++";
				CLANG_ENABLE_MODULES = YES;
				CLANG_ENABLE_OBJC_ARC = YES;
				CLANG_WARN_BOOL_CONVERSION = YES;
				CLANG_WARN_CONSTANT_CONVERSION = YES;
				CLANG_WARN_DIRECT_OBJC_ISA_USAGE = YES_ERROR;
				CLANG_WARN_DOCUMENTATION_COMMENTS = YES;
				CLANG_WARN_EMPTY_BODY = YES;
				CLANG_WARN_ENUM_CONVERSION = YES;
				CLANG_WARN_INFINITE_RECURSION = YES;
				CLANG_WARN_INT_CONVERSION = YES;
				CLANG_WARN_OBJC_ROOT_CLASS = YES_ERROR;
				CLANG_WARN_SUSPICIOUS_MOVE = YES;
				CLANG_WARN_UNREACHABLE_CODE = YES;
				CLANG_WARN__DUPLICATE_METHOD_MATCH = YES;
				"CODE_SIGN_IDENTITY[sdk=iphoneos*]" = "iPhone Developer";
				COPY_PHASE_STRIP = NO;
				DEBUG_INFORMATION_FORMAT = "dwarf-with-dsym";
				ENABLE_NS_ASSERTIONS = NO;
				ENABLE_STRICT_OBJC_MSGSEND = YES;
				GCC_C_LANGUAGE_STANDARD = gnu99;
				GCC_NO_COMMON_BLOCKS = YES;
				GCC_WARN_64_TO_32_BIT_CONVERSION = YES;
				GCC_WARN_ABOUT_RETURN_TYPE = YES_ERROR;
				GCC_WARN_UNDECLARED_SELECTOR = YES;
				GCC_WARN_UNINITIALIZED_AUTOS = YES_AGGRESSIVE;
				GCC_WARN_UNUSED_FUNCTION = YES;
				GCC_WARN_UNUSED_VARIABLE = YES;
				IPHONEOS_DEPLOYMENT_TARGET = 10.3;
				MTL_ENABLE_DEBUG_INFO = NO;
				SDKROOT = iphoneos;
				SWIFT_OPTIMIZATION_LEVEL = "-Owholemodule";
				VALIDATE_PRODUCT = YES;
			};
			name = Release;
		};
		4BF4D6801FA663DC00CEAB84 /* Debug */ = {
			isa = XCBuildConfiguration;
			buildSettings = {
				ASSETCATALOG_COMPILER_APPICON_NAME = AppIcon;
				INFOPLIST_FILE = MyHood/Info.plist;
				LD_RUNPATH_SEARCH_PATHS = "$(inherited) @executable_path/Frameworks";
				PRODUCT_BUNDLE_IDENTIFIER = com.AndreasRiexinger.MyHood;
				PRODUCT_NAME = "$(TARGET_NAME)";
				SWIFT_VERSION = 3.0;
			};
			name = Debug;
		};
		4BF4D6811FA663DC00CEAB84 /* Release */ = {
			isa = XCBuildConfiguration;
			buildSettings = {
				ASSETCATALOG_COMPILER_APPICON_NAME = AppIcon;
				INFOPLIST_FILE = MyHood/Info.plist;
				LD_RUNPATH_SEARCH_PATHS = "$(inherited) @executable_path/Frameworks";
				PRODUCT_BUNDLE_IDENTIFIER = com.AndreasRiexinger.MyHood;
				PRODUCT_NAME = "$(TARGET_NAME)";
				SWIFT_VERSION = 3.0;
			};
			name = Release;
		};
/* End XCBuildConfiguration section */

/* Begin XCConfigurationList section */
		4BF4D6681FA663DC00CEAB84 /* Build configuration list for PBXProject "MyHood" */ = {
			isa = XCConfigurationList;
			buildConfigurations = (
				4BF4D67D1FA663DC00CEAB84 /* Debug */,
				4BF4D67E1FA663DC00CEAB84 /* Release */,
			);
			defaultConfigurationIsVisible = 0;
			defaultConfigurationName = Release;
		};
		4BF4D67F1FA663DC00CEAB84 /* Build configuration list for PBXNativeTarget "MyHood" */ = {
			isa = XCConfigurationList;
			buildConfigurations = (
				4BF4D6801FA663DC00CEAB84 /* Debug */,
				4BF4D6811FA663DC00CEAB84 /* Release */,
			);
			defaultConfigurationIsVisible = 0;
		};
/* End XCConfigurationList section */
	};
	rootObject = 4BF4D6651FA663DC00CEAB84 /* Project object */;
}
